// !$*UTF8*$!
{
	archiveVersion = 1;
	classes = {
	};
	objectVersion = 50;
	objects = {

/* Begin PBXBuildFile section */
		192544D3240ABE0300306043 /* CircleImage.swift in Sources */ = {isa = PBXBuildFile; fileRef = 192544D2240ABE0300306043 /* CircleImage.swift */; };
		192544D7240AC5B100306043 /* MapView.swift in Sources */ = {isa = PBXBuildFile; fileRef = 192544D6240AC5B100306043 /* MapView.swift */; };
		1936C077240F0289006C571A /* Home.swift in Sources */ = {isa = PBXBuildFile; fileRef = 1936C076240F0289006C571A /* Home.swift */; };
		1936C07B240F05A0006C571A /* Assets.xcassets in Resources */ = {isa = PBXBuildFile; fileRef = 1936C07A240F05A0006C571A /* Assets.xcassets */; };
		1936C07D240F05C9006C571A /* Data.swift in Sources */ = {isa = PBXBuildFile; fileRef = 1936C07C240F05C9006C571A /* Data.swift */; };
		1936C07F240F05D2006C571A /* Landmark.swift in Sources */ = {isa = PBXBuildFile; fileRef = 1936C07E240F05D2006C571A /* Landmark.swift */; };
		1936C081240F05EB006C571A /* Hike.swift in Sources */ = {isa = PBXBuildFile; fileRef = 1936C080240F05EB006C571A /* Hike.swift */; };
		1947AB22240BC6D900B8942E /* LandmarkRow.swift in Sources */ = {isa = PBXBuildFile; fileRef = 1947AB21240BC6D900B8942E /* LandmarkRow.swift */; };
		1947AB5A240BE5A400B8942E /* LandmarkList.swift in Sources */ = {isa = PBXBuildFile; fileRef = 1947AB59240BE5A400B8942E /* LandmarkList.swift */; };
		19898DF6240A7FB000B33E40 /* AppDelegate.swift in Sources */ = {isa = PBXBuildFile; fileRef = 19898DF5240A7FB000B33E40 /* AppDelegate.swift */; };
		19898DF8240A7FB000B33E40 /* SceneDelegate.swift in Sources */ = {isa = PBXBuildFile; fileRef = 19898DF7240A7FB000B33E40 /* SceneDelegate.swift */; };
		19898DFA240A7FB000B33E40 /* LandmarkDetail.swift in Sources */ = {isa = PBXBuildFile; fileRef = 19898DF9240A7FB000B33E40 /* LandmarkDetail.swift */; };
		19898DFF240A7FB100B33E40 /* Preview Assets.xcassets in Resources */ = {isa = PBXBuildFile; fileRef = 19898DFE240A7FB100B33E40 /* Preview Assets.xcassets */; };
		19898E02240A7FB100B33E40 /* LaunchScreen.storyboard in Resources */ = {isa = PBXBuildFile; fileRef = 19898E00240A7FB100B33E40 /* LaunchScreen.storyboard */; };
		19C8C0D9240C1B3B00BBF755 /* charleyrivers.jpg in Resources */ = {isa = PBXBuildFile; fileRef = 19C8C0CD240C1B3B00BBF755 /* charleyrivers.jpg */; };
		19C8C0DA240C1B3B00BBF755 /* turtlerock.jpg in Resources */ = {isa = PBXBuildFile; fileRef = 19C8C0CE240C1B3B00BBF755 /* turtlerock.jpg */; };
		19C8C0DB240C1B3B00BBF755 /* silversalmoncreek.jpg in Resources */ = {isa = PBXBuildFile; fileRef = 19C8C0CF240C1B3B00BBF755 /* silversalmoncreek.jpg */; };
		19C8C0DC240C1B3B00BBF755 /* icybay.jpg in Resources */ = {isa = PBXBuildFile; fileRef = 19C8C0D0240C1B3B00BBF755 /* icybay.jpg */; };
		19C8C0DD240C1B3B00BBF755 /* lakemcdonald.jpg in Resources */ = {isa = PBXBuildFile; fileRef = 19C8C0D1240C1B3B00BBF755 /* lakemcdonald.jpg */; };
		19C8C0DE240C1B3B00BBF755 /* hiddenlake.jpg in Resources */ = {isa = PBXBuildFile; fileRef = 19C8C0D2240C1B3B00BBF755 /* hiddenlake.jpg */; };
		19C8C0DF240C1B3B00BBF755 /* twinlake.jpg in Resources */ = {isa = PBXBuildFile; fileRef = 19C8C0D3240C1B3B00BBF755 /* twinlake.jpg */; };
		19C8C0E0240C1B3B00BBF755 /* umbagog.jpg in Resources */ = {isa = PBXBuildFile; fileRef = 19C8C0D4240C1B3B00BBF755 /* umbagog.jpg */; };
		19C8C0E1240C1B3B00BBF755 /* chincoteague.jpg in Resources */ = {isa = PBXBuildFile; fileRef = 19C8C0D5240C1B3B00BBF755 /* chincoteague.jpg */; };
		19C8C0E2240C1B3B00BBF755 /* stmarylake.jpg in Resources */ = {isa = PBXBuildFile; fileRef = 19C8C0D6240C1B3B00BBF755 /* stmarylake.jpg */; };
		19C8C0E3240C1B3B00BBF755 /* chilkoottrail.jpg in Resources */ = {isa = PBXBuildFile; fileRef = 19C8C0D7240C1B3B00BBF755 /* chilkoottrail.jpg */; };
		19C8C0E4240C1B3B00BBF755 /* rainbowlake.jpg in Resources */ = {isa = PBXBuildFile; fileRef = 19C8C0D8240C1B3B00BBF755 /* rainbowlake.jpg */; };
		19C8C0E8240C1C3E00BBF755 /* landmarkData.json in Resources */ = {isa = PBXBuildFile; fileRef = 19C8C0E7240C1C3E00BBF755 /* landmarkData.json */; };
		19FD750B240C71440090AEAC /* UserData.swift in Sources */ = {isa = PBXBuildFile; fileRef = 19FD750A240C71440090AEAC /* UserData.swift */; };
/* End PBXBuildFile section */

/* Begin PBXFileReference section */
		192544D2240ABE0300306043 /* CircleImage.swift */ = {isa = PBXFileReference; lastKnownFileType = sourcecode.swift; path = CircleImage.swift; sourceTree = "<group>"; };
		192544D6240AC5B100306043 /* MapView.swift */ = {isa = PBXFileReference; lastKnownFileType = sourcecode.swift; path = MapView.swift; sourceTree = "<group>"; };
		1936C076240F0289006C571A /* Home.swift */ = {isa = PBXFileReference; lastKnownFileType = sourcecode.swift; path = Home.swift; sourceTree = "<group>"; };
		1936C07A240F05A0006C571A /* Assets.xcassets */ = {isa = PBXFileReference; lastKnownFileType = folder.assetcatalog; path = Assets.xcassets; sourceTree = "<group>"; };
		1936C07C240F05C9006C571A /* Data.swift */ = {isa = PBXFileReference; fileEncoding = 4; lastKnownFileType = sourcecode.swift; path = Data.swift; sourceTree = "<group>"; };
		1936C07E240F05D2006C571A /* Landmark.swift */ = {isa = PBXFileReference; fileEncoding = 4; lastKnownFileType = sourcecode.swift; path = Landmark.swift; sourceTree = "<group>"; };
		1936C080240F05EB006C571A /* Hike.swift */ = {isa = PBXFileReference; fileEncoding = 4; lastKnownFileType = sourcecode.swift; path = Hike.swift; sourceTree = "<group>"; };
		1947AB21240BC6D900B8942E /* LandmarkRow.swift */ = {isa = PBXFileReference; lastKnownFileType = sourcecode.swift; path = LandmarkRow.swift; sourceTree = "<group>"; };
		1947AB59240BE5A400B8942E /* LandmarkList.swift */ = {isa = PBXFileReference; lastKnownFileType = sourcecode.swift; path = LandmarkList.swift; sourceTree = "<group>"; };
		19898DF2240A7FB000B33E40 /* Landmarks.app */ = {isa = PBXFileReference; explicitFileType = wrapper.application; includeInIndex = 0; path = Landmarks.app; sourceTree = BUILT_PRODUCTS_DIR; };
		19898DF5240A7FB000B33E40 /* AppDelegate.swift */ = {isa = PBXFileReference; lastKnownFileType = sourcecode.swift; path = AppDelegate.swift; sourceTree = "<group>"; };
		19898DF7240A7FB000B33E40 /* SceneDelegate.swift */ = {isa = PBXFileReference; lastKnownFileType = sourcecode.swift; path = SceneDelegate.swift; sourceTree = "<group>"; };
		19898DF9240A7FB000B33E40 /* LandmarkDetail.swift */ = {isa = PBXFileReference; lastKnownFileType = sourcecode.swift; path = LandmarkDetail.swift; sourceTree = "<group>"; };
		19898DFE240A7FB100B33E40 /* Preview Assets.xcassets */ = {isa = PBXFileReference; lastKnownFileType = folder.assetcatalog; path = "Preview Assets.xcassets"; sourceTree = "<group>"; };
		19898E01240A7FB100B33E40 /* Base */ = {isa = PBXFileReference; lastKnownFileType = file.storyboard; name = Base; path = Base.lproj/LaunchScreen.storyboard; sourceTree = "<group>"; };
		19898E03240A7FB100B33E40 /* Info.plist */ = {isa = PBXFileReference; lastKnownFileType = text.plist.xml; path = Info.plist; sourceTree = "<group>"; };
		19C8C0CD240C1B3B00BBF755 /* charleyrivers.jpg */ = {isa = PBXFileReference; lastKnownFileType = image.jpeg; path = charleyrivers.jpg; sourceTree = "<group>"; };
		19C8C0CE240C1B3B00BBF755 /* turtlerock.jpg */ = {isa = PBXFileReference; lastKnownFileType = image.jpeg; path = turtlerock.jpg; sourceTree = "<group>"; };
		19C8C0CF240C1B3B00BBF755 /* silversalmoncreek.jpg */ = {isa = PBXFileReference; lastKnownFileType = image.jpeg; path = silversalmoncreek.jpg; sourceTree = "<group>"; };
		19C8C0D0240C1B3B00BBF755 /* icybay.jpg */ = {isa = PBXFileReference; lastKnownFileType = image.jpeg; path = icybay.jpg; sourceTree = "<group>"; };
		19C8C0D1240C1B3B00BBF755 /* lakemcdonald.jpg */ = {isa = PBXFileReference; lastKnownFileType = image.jpeg; path = lakemcdonald.jpg; sourceTree = "<group>"; };
		19C8C0D2240C1B3B00BBF755 /* hiddenlake.jpg */ = {isa = PBXFileReference; lastKnownFileType = image.jpeg; path = hiddenlake.jpg; sourceTree = "<group>"; };
		19C8C0D3240C1B3B00BBF755 /* twinlake.jpg */ = {isa = PBXFileReference; lastKnownFileType = image.jpeg; path = twinlake.jpg; sourceTree = "<group>"; };
		19C8C0D4240C1B3B00BBF755 /* umbagog.jpg */ = {isa = PBXFileReference; lastKnownFileType = image.jpeg; path = umbagog.jpg; sourceTree = "<group>"; };
		19C8C0D5240C1B3B00BBF755 /* chincoteague.jpg */ = {isa = PBXFileReference; lastKnownFileType = image.jpeg; path = chincoteague.jpg; sourceTree = "<group>"; };
		19C8C0D6240C1B3B00BBF755 /* stmarylake.jpg */ = {isa = PBXFileReference; lastKnownFileType = image.jpeg; path = stmarylake.jpg; sourceTree = "<group>"; };
		19C8C0D7240C1B3B00BBF755 /* chilkoottrail.jpg */ = {isa = PBXFileReference; lastKnownFileType = image.jpeg; path = chilkoottrail.jpg; sourceTree = "<group>"; };
		19C8C0D8240C1B3B00BBF755 /* rainbowlake.jpg */ = {isa = PBXFileReference; lastKnownFileType = image.jpeg; path = rainbowlake.jpg; sourceTree = "<group>"; };
		19C8C0E7240C1C3E00BBF755 /* landmarkData.json */ = {isa = PBXFileReference; fileEncoding = 4; lastKnownFileType = text.json; path = landmarkData.json; sourceTree = "<group>"; };
		19FD750A240C71440090AEAC /* UserData.swift */ = {isa = PBXFileReference; lastKnownFileType = sourcecode.swift; path = UserData.swift; sourceTree = "<group>"; };
/* End PBXFileReference section */

/* Begin PBXFrameworksBuildPhase section */
		19898DEF240A7FB000B33E40 /* Frameworks */ = {
			isa = PBXFrameworksBuildPhase;
			buildActionMask = 2147483647;
			files = (
			);
			runOnlyForDeploymentPostprocessing = 0;
		};
/* End PBXFrameworksBuildPhase section */

/* Begin PBXGroup section */
		1947AB32240BCA6A00B8942E /* Models */ = {
			isa = PBXGroup;
			children = (
				1936C07E240F05D2006C571A /* Landmark.swift */,
				1936C07C240F05C9006C571A /* Data.swift */,
				1936C080240F05EB006C571A /* Hike.swift */,
			);
			path = Models;
			sourceTree = "<group>";
		};
		19898DE9240A7FB000B33E40 = {
			isa = PBXGroup;
			children = (
				19898DF4240A7FB000B33E40 /* Landmarks */,
				19898DF3240A7FB000B33E40 /* Products */,
			);
			sourceTree = "<group>";
		};
		19898DF3240A7FB000B33E40 /* Products */ = {
			isa = PBXGroup;
			children = (
				19898DF2240A7FB000B33E40 /* Landmarks.app */,
			);
			name = Products;
			sourceTree = "<group>";
		};
		19898DF4240A7FB000B33E40 /* Landmarks */ = {
			isa = PBXGroup;
			children = (
				19898DF5240A7FB000B33E40 /* AppDelegate.swift */,
				19898DF7240A7FB000B33E40 /* SceneDelegate.swift */,
				1947AB32240BCA6A00B8942E /* Models */,
				19898DF9240A7FB000B33E40 /* LandmarkDetail.swift */,
				1947AB21240BC6D900B8942E /* LandmarkRow.swift */,
				1936C076240F0289006C571A /* Home.swift */,
				1947AB59240BE5A400B8942E /* LandmarkList.swift */,
				19FD750A240C71440090AEAC /* UserData.swift */,
				19C8C0CC240C1B3B00BBF755 /* Resources */,
				192544D6240AC5B100306043 /* MapView.swift */,
				1936C07A240F05A0006C571A /* Assets.xcassets */,
				192544D2240ABE0300306043 /* CircleImage.swift */,
				19898E00240A7FB100B33E40 /* LaunchScreen.storyboard */,
				19898E03240A7FB100B33E40 /* Info.plist */,
				19898DFD240A7FB100B33E40 /* Preview Content */,
			);
			path = Landmarks;
			sourceTree = "<group>";
		};
		19898DFD240A7FB100B33E40 /* Preview Content */ = {
			isa = PBXGroup;
			children = (
				19898DFE240A7FB100B33E40 /* Preview Assets.xcassets */,
			);
			path = "Preview Content";
			sourceTree = "<group>";
		};
		19C8C0CC240C1B3B00BBF755 /* Resources */ = {
			isa = PBXGroup;
			children = (
				19C8C0E7240C1C3E00BBF755 /* landmarkData.json */,
				19C8C0CD240C1B3B00BBF755 /* charleyrivers.jpg */,
				19C8C0CE240C1B3B00BBF755 /* turtlerock.jpg */,
				19C8C0CF240C1B3B00BBF755 /* silversalmoncreek.jpg */,
				19C8C0D0240C1B3B00BBF755 /* icybay.jpg */,
				19C8C0D1240C1B3B00BBF755 /* lakemcdonald.jpg */,
				19C8C0D2240C1B3B00BBF755 /* hiddenlake.jpg */,
				19C8C0D3240C1B3B00BBF755 /* twinlake.jpg */,
				19C8C0D4240C1B3B00BBF755 /* umbagog.jpg */,
				19C8C0D5240C1B3B00BBF755 /* chincoteague.jpg */,
				19C8C0D6240C1B3B00BBF755 /* stmarylake.jpg */,
				19C8C0D7240C1B3B00BBF755 /* chilkoottrail.jpg */,
				19C8C0D8240C1B3B00BBF755 /* rainbowlake.jpg */,
			);
			path = Resources;
			sourceTree = "<group>";
		};
/* End PBXGroup section */

/* Begin PBXNativeTarget section */
		19898DF1240A7FB000B33E40 /* Landmarks */ = {
			isa = PBXNativeTarget;
			buildConfigurationList = 19898E06240A7FB100B33E40 /* Build configuration list for PBXNativeTarget "Landmarks" */;
			buildPhases = (
				19898DEE240A7FB000B33E40 /* Sources */,
				19898DEF240A7FB000B33E40 /* Frameworks */,
				19898DF0240A7FB000B33E40 /* Resources */,
			);
			buildRules = (
			);
			dependencies = (
			);
			name = Landmarks;
			productName = Landmarks;
			productReference = 19898DF2240A7FB000B33E40 /* Landmarks.app */;
			productType = "com.apple.product-type.application";
		};
/* End PBXNativeTarget section */

/* Begin PBXProject section */
		19898DEA240A7FB000B33E40 /* Project object */ = {
			isa = PBXProject;
			attributes = {
				LastSwiftUpdateCheck = 1130;
				LastUpgradeCheck = 1130;
				ORGANIZATIONNAME = "Damir Lutfullin";
				TargetAttributes = {
					19898DF1240A7FB000B33E40 = {
						CreatedOnToolsVersion = 11.3.1;
					};
				};
			};
			buildConfigurationList = 19898DED240A7FB000B33E40 /* Build configuration list for PBXProject "Landmarks" */;
			compatibilityVersion = "Xcode 9.3";
			developmentRegion = en;
			hasScannedForEncodings = 0;
			knownRegions = (
				en,
				Base,
			);
			mainGroup = 19898DE9240A7FB000B33E40;
			productRefGroup = 19898DF3240A7FB000B33E40 /* Products */;
			projectDirPath = "";
			projectRoot = "";
			targets = (
				19898DF1240A7FB000B33E40 /* Landmarks */,
			);
		};
/* End PBXProject section */

/* Begin PBXResourcesBuildPhase section */
		19898DF0240A7FB000B33E40 /* Resources */ = {
			isa = PBXResourcesBuildPhase;
			buildActionMask = 2147483647;
			files = (
				19898E02240A7FB100B33E40 /* LaunchScreen.storyboard in Resources */,
				19C8C0E4240C1B3B00BBF755 /* rainbowlake.jpg in Resources */,
				19898DFF240A7FB100B33E40 /* Preview Assets.xcassets in Resources */,
				19C8C0E2240C1B3B00BBF755 /* stmarylake.jpg in Resources */,
				19C8C0DB240C1B3B00BBF755 /* silversalmoncreek.jpg in Resources */,
				19C8C0D9240C1B3B00BBF755 /* charleyrivers.jpg in Resources */,
				19C8C0DC240C1B3B00BBF755 /* icybay.jpg in Resources */,
				19C8C0E1240C1B3B00BBF755 /* chincoteague.jpg in Resources */,
				19C8C0DF240C1B3B00BBF755 /* twinlake.jpg in Resources */,
				19C8C0E3240C1B3B00BBF755 /* chilkoottrail.jpg in Resources */,
				19C8C0DD240C1B3B00BBF755 /* lakemcdonald.jpg in Resources */,
				19C8C0DE240C1B3B00BBF755 /* hiddenlake.jpg in Resources */,
				19C8C0E8240C1C3E00BBF755 /* landmarkData.json in Resources */,
				19C8C0E0240C1B3B00BBF755 /* umbagog.jpg in Resources */,
				1936C07B240F05A0006C571A /* Assets.xcassets in Resources */,
				19C8C0DA240C1B3B00BBF755 /* turtlerock.jpg in Resources */,
			);
			runOnlyForDeploymentPostprocessing = 0;
		};
/* End PBXResourcesBuildPhase section */

/* Begin PBXSourcesBuildPhase section */
		19898DEE240A7FB000B33E40 /* Sources */ = {
			isa = PBXSourcesBuildPhase;
			buildActionMask = 2147483647;
			files = (
				1936C07F240F05D2006C571A /* Landmark.swift in Sources */,
				19898DF6240A7FB000B33E40 /* AppDelegate.swift in Sources */,
				192544D3240ABE0300306043 /* CircleImage.swift in Sources */,
				192544D7240AC5B100306043 /* MapView.swift in Sources */,
				1936C077240F0289006C571A /* Home.swift in Sources */,
				1947AB5A240BE5A400B8942E /* LandmarkList.swift in Sources */,
				1936C081240F05EB006C571A /* Hike.swift in Sources */,
				19898DF8240A7FB000B33E40 /* SceneDelegate.swift in Sources */,
				1936C07D240F05C9006C571A /* Data.swift in Sources */,
				19898DFA240A7FB000B33E40 /* LandmarkDetail.swift in Sources */,
				19FD750B240C71440090AEAC /* UserData.swift in Sources */,
				1947AB22240BC6D900B8942E /* LandmarkRow.swift in Sources */,
			);
			runOnlyForDeploymentPostprocessing = 0;
		};
/* End PBXSourcesBuildPhase section */

/* Begin PBXVariantGroup section */
		19898E00240A7FB100B33E40 /* LaunchScreen.storyboard */ = {
			isa = PBXVariantGroup;
			children = (
				19898E01240A7FB100B33E40 /* Base */,
			);
			name = LaunchScreen.storyboard;
			sourceTree = "<group>";
		};
/* End PBXVariantGroup section */

/* Begin XCBuildConfiguration section */
		19898E04240A7FB100B33E40 /* Debug */ = {
			isa = XCBuildConfiguration;
			buildSettings = {
				ALWAYS_SEARCH_USER_PATHS = NO;
				CLANG_ANALYZER_NONNULL = YES;
				CLANG_ANALYZER_NUMBER_OBJECT_CONVERSION = YES_AGGRESSIVE;
				CLANG_CXX_LANGUAGE_STANDARD = "gnu++14";
				CLANG_CXX_LIBRARY = "libc++";
				CLANG_ENABLE_MODULES = YES;
				CLANG_ENABLE_OBJC_ARC = YES;
				CLANG_ENABLE_OBJC_WEAK = YES;
				CLANG_WARN_BLOCK_CAPTURE_AUTORELEASING = YES;
				CLANG_WARN_BOOL_CONVERSION = YES;
				CLANG_WARN_COMMA = YES;
				CLANG_WARN_CONSTANT_CONVERSION = YES;
				CLANG_WARN_DEPRECATED_OBJC_IMPLEMENTATIONS = YES;
				CLANG_WARN_DIRECT_OBJC_ISA_USAGE = YES_ERROR;
				CLANG_WARN_DOCUMENTATION_COMMENTS = YES;
				CLANG_WARN_EMPTY_BODY = YES;
				CLANG_WARN_ENUM_CONVERSION = YES;
				CLANG_WARN_INFINITE_RECURSION = YES;
				CLANG_WARN_INT_CONVERSION = YES;
				CLANG_WARN_NON_LITERAL_NULL_CONVERSION = YES;
				CLANG_WARN_OBJC_IMPLICIT_RETAIN_SELF = YES;
				CLANG_WARN_OBJC_LITERAL_CONVERSION = YES;
				CLANG_WARN_OBJC_ROOT_CLASS = YES_ERROR;
				CLANG_WARN_RANGE_LOOP_ANALYSIS = YES;
				CLANG_WARN_STRICT_PROTOTYPES = YES;
				CLANG_WARN_SUSPICIOUS_MOVE = YES;
				CLANG_WARN_UNGUARDED_AVAILABILITY = YES_AGGRESSIVE;
				CLANG_WARN_UNREACHABLE_CODE = YES;
				CLANG_WARN__DUPLICATE_METHOD_MATCH = YES;
				COPY_PHASE_STRIP = NO;
				DEBUG_INFORMATION_FORMAT = dwarf;
				ENABLE_STRICT_OBJC_MSGSEND = YES;
				ENABLE_TESTABILITY = YES;
				GCC_C_LANGUAGE_STANDARD = gnu11;
				GCC_DYNAMIC_NO_PIC = NO;
				GCC_NO_COMMON_BLOCKS = YES;
				GCC_OPTIMIZATION_LEVEL = 0;
				GCC_PREPROCESSOR_DEFINITIONS = (
					"DEBUG=1",
					"$(inherited)",
				);
				GCC_WARN_64_TO_32_BIT_CONVERSION = YES;
				GCC_WARN_ABOUT_RETURN_TYPE = YES_ERROR;
				GCC_WARN_UNDECLARED_SELECTOR = YES;
				GCC_WARN_UNINITIALIZED_AUTOS = YES_AGGRESSIVE;
				GCC_WARN_UNUSED_FUNCTION = YES;
				GCC_WARN_UNUSED_VARIABLE = YES;
				IPHONEOS_DEPLOYMENT_TARGET = 13.2;
				MTL_ENABLE_DEBUG_INFO = INCLUDE_SOURCE;
				MTL_FAST_MATH = YES;
				ONLY_ACTIVE_ARCH = YES;
				SDKROOT = iphoneos;
				SWIFT_ACTIVE_COMPILATION_CONDITIONS = DEBUG;
				SWIFT_OPTIMIZATION_LEVEL = "-Onone";
			};
			name = Debug;
		};
		19898E05240A7FB100B33E40 /* Release */ = {
			isa = XCBuildConfiguration;
			buildSettings = {
				ALWAYS_SEARCH_USER_PATHS = NO;
				CLANG_ANALYZER_NONNULL = YES;
				CLANG_ANALYZER_NUMBER_OBJECT_CONVERSION = YES_AGGRESSIVE;
				CLANG_CXX_LANGUAGE_STANDARD = "gnu++14";
				CLANG_CXX_LIBRARY = "libc++";
				CLANG_ENABLE_MODULES = YES;
				CLANG_ENABLE_OBJC_ARC = YES;
				CLANG_ENABLE_OBJC_WEAK = YES;
				CLANG_WARN_BLOCK_CAPTURE_AUTORELEASING = YES;
				CLANG_WARN_BOOL_CONVERSION = YES;
				CLANG_WARN_COMMA = YES;
				CLANG_WARN_CONSTANT_CONVERSION = YES;
				CLANG_WARN_DEPRECATED_OBJC_IMPLEMENTATIONS = YES;
				CLANG_WARN_DIRECT_OBJC_ISA_USAGE = YES_ERROR;
				CLANG_WARN_DOCUMENTATION_COMMENTS = YES;
				CLANG_WARN_EMPTY_BODY = YES;
				CLANG_WARN_ENUM_CONVERSION = YES;
				CLANG_WARN_INFINITE_RECURSION = YES;
				CLANG_WARN_INT_CONVERSION = YES;
				CLANG_WARN_NON_LITERAL_NULL_CONVERSION = YES;
				CLANG_WARN_OBJC_IMPLICIT_RETAIN_SELF = YES;
				CLANG_WARN_OBJC_LITERAL_CONVERSION = YES;
				CLANG_WARN_OBJC_ROOT_CLASS = YES_ERROR;
				CLANG_WARN_RANGE_LOOP_ANALYSIS = YES;
				CLANG_WARN_STRICT_PROTOTYPES = YES;
				CLANG_WARN_SUSPICIOUS_MOVE = YES;
				CLANG_WARN_UNGUARDED_AVAILABILITY = YES_AGGRESSIVE;
				CLANG_WARN_UNREACHABLE_CODE = YES;
				CLANG_WARN__DUPLICATE_METHOD_MATCH = YES;
				COPY_PHASE_STRIP = NO;
				DEBUG_INFORMATION_FORMAT = "dwarf-with-dsym";
				ENABLE_NS_ASSERTIONS = NO;
				ENABLE_STRICT_OBJC_MSGSEND = YES;
				GCC_C_LANGUAGE_STANDARD = gnu11;
				GCC_NO_COMMON_BLOCKS = YES;
				GCC_WARN_64_TO_32_BIT_CONVERSION = YES;
				GCC_WARN_ABOUT_RETURN_TYPE = YES_ERROR;
				GCC_WARN_UNDECLARED_SELECTOR = YES;
				GCC_WARN_UNINITIALIZED_AUTOS = YES_AGGRESSIVE;
				GCC_WARN_UNUSED_FUNCTION = YES;
				GCC_WARN_UNUSED_VARIABLE = YES;
				IPHONEOS_DEPLOYMENT_TARGET = 13.2;
				MTL_ENABLE_DEBUG_INFO = NO;
				MTL_FAST_MATH = YES;
				SDKROOT = iphoneos;
				SWIFT_COMPILATION_MODE = wholemodule;
				SWIFT_OPTIMIZATION_LEVEL = "-O";
				VALIDATE_PRODUCT = YES;
			};
			name = Release;
		};
		19898E07240A7FB100B33E40 /* Debug */ = {
			isa = XCBuildConfiguration;
			buildSettings = {
				ASSETCATALOG_COMPILER_APPICON_NAME = AppIcon;
				CODE_SIGN_STYLE = Automatic;
				DEVELOPMENT_ASSET_PATHS = "\"Landmarks/Preview Content\"";
				DEVELOPMENT_TEAM = TQU76263MV;
				ENABLE_PREVIEWS = YES;
				INFOPLIST_FILE = Landmarks/Info.plist;
				IPHONEOS_DEPLOYMENT_TARGET = 13.2;
				LD_RUNPATH_SEARCH_PATHS = (
					"$(inherited)",
					"@executable_path/Frameworks",
				);
				PRODUCT_BUNDLE_IDENTIFIER = DamirLutfullin.Landmarks;
				PRODUCT_NAME = "$(TARGET_NAME)";
				SWIFT_VERSION = 5.0;
				TARGETED_DEVICE_FAMILY = 1;
			};
			name = Debug;
		};
		19898E08240A7FB100B33E40 /* Release */ = {
			isa = XCBuildConfiguration;
			buildSettings = {
				ASSETCATALOG_COMPILER_APPICON_NAME = AppIcon;
				CODE_SIGN_STYLE = Automatic;
				DEVELOPMENT_ASSET_PATHS = "\"Landmarks/Preview Content\"";
				DEVELOPMENT_TEAM = TQU76263MV;
				ENABLE_PREVIEWS = YES;
				INFOPLIST_FILE = Landmarks/Info.plist;
				IPHONEOS_DEPLOYMENT_TARGET = 13.2;
				LD_RUNPATH_SEARCH_PATHS = (
					"$(inherited)",
					"@executable_path/Frameworks",
				);
				PRODUCT_BUNDLE_IDENTIFIER = DamirLutfullin.Landmarks;
				PRODUCT_NAME = "$(TARGET_NAME)";
				SWIFT_VERSION = 5.0;
				TARGETED_DEVICE_FAMILY = 1;
			};
			name = Release;
		};
/* End XCBuildConfiguration section */

/* Begin XCConfigurationList section */
		19898DED240A7FB000B33E40 /* Build configuration list for PBXProject "Landmarks" */ = {
			isa = XCConfigurationList;
			buildConfigurations = (
				19898E04240A7FB100B33E40 /* Debug */,
				19898E05240A7FB100B33E40 /* Release */,
			);
			defaultConfigurationIsVisible = 0;
			defaultConfigurationName = Release;
		};
		19898E06240A7FB100B33E40 /* Build configuration list for PBXNativeTarget "Landmarks" */ = {
			isa = XCConfigurationList;
			buildConfigurations = (
				19898E07240A7FB100B33E40 /* Debug */,
				19898E08240A7FB100B33E40 /* Release */,
			);
			defaultConfigurationIsVisible = 0;
			defaultConfigurationName = Release;
		};
/* End XCConfigurationList section */
	};
	rootObject = 19898DEA240A7FB000B33E40 /* Project object */;
}
